
Microsoft Visual Studio Solution File, Format Version 12.00
# Visual Studio 15
VisualStudioVersion = 15.0.27130.2003
MinimumVisualStudioVersion = 10.0.40219.1
Project("{FAE04EC0-301F-11D3-BF4B-00C04F79EFBC}") = "SimpleHtml", "SimpleHtml\SimpleHtml.csproj", "{32DAC13C-AD80-40CA-BAC7-F3FEFC3E1E27}"
EndProject
Project("{2150E333-8FDC-42A3-9474-1A3956D46DE8}") = "AppsWeb", "AppsWeb", "{C8043171-1B0B-4F89-9905-F6F166272209}"
EndProject
Project("{FAE04EC0-301F-11D3-BF4B-00C04F79EFBC}") = "WebForm", "WebForm\WebForm.csproj", "{20CDDB70-74DE-4115-82AF-3ACBD9B5E65D}"
EndProject
Project("{FAE04EC0-301F-11D3-BF4B-00C04F79EFBC}") = "ASPNetMVC", "ASPNetMVC\ASPNetMVC.csproj", "{FE4F8F4F-26DE-4431-BA4D-41A9756CF855}"
EndProject
Project("{FAE04EC0-301F-11D3-BF4B-00C04F79EFBC}") = "SimpleJs", "SimpleJs\SimpleJs.csproj", "{2DCAA68B-FBE2-4AB2-AFC1-FFD201B7E3D5}"
EndProject
Project("{FAE04EC0-301F-11D3-BF4B-00C04F79EFBC}") = "SimpleJQuery", "SimpleJQuerry\SimpleJQuery.csproj", "{ADAA0D01-1FD8-4EB8-9C36-CB040BC1C969}"
EndProject
Project("{FAE04EC0-301F-11D3-BF4B-00C04F79EFBC}") = "Formulaire", "Formulaire\Formulaire.csproj", "{B1EDAC16-DD92-4913-AB7E-F114CEE7F707}"
EndProject
Project("{FAE04EC0-301F-11D3-BF4B-00C04F79EFBC}") = "XmlHttp", "XmlHttp\XmlHttp.csproj", "{ACF5DB53-ADB8-425F-99DB-68E1811C0929}"
EndProject
Project("{FAE04EC0-301F-11D3-BF4B-00C04F79EFBC}") = "CssAvance", "CssAvance\CssAvance.csproj", "{D9E60F60-4F7F-4D3B-B09F-673BA38F30DA}"
EndProject
Project("{FAE04EC0-301F-11D3-BF4B-00C04F79EFBC}") = "JsAvance", "JsAvance\JsAvance.csproj", "{9EED1812-84DF-4A38-9D2A-03ACBB02D06C}"
EndProject
Project("{FAE04EC0-301F-11D3-BF4B-00C04F79EFBC}") = "Html5Api", "Html5Api\Html5Api.csproj", "{B4C4B562-BAB3-4F2F-A76F-D8829FD3913B}"
EndProject
Project("{FAE04EC0-301F-11D3-BF4B-00C04F79EFBC}") = "StorageOffline", "StorageOffline\StorageOffline.csproj", "{A3BD423E-A40F-43B6-8EFB-D0CA76CA308F}"
EndProject
Project("{FAE04EC0-301F-11D3-BF4B-00C04F79EFBC}") = "exercise", "exercise\exercise.csproj", "{2738A63F-6378-418C-8CB1-AC2B906EE440}"
EndProject
Project("{FAE04EC0-301F-11D3-BF4B-00C04F79EFBC}") = "SvgCanvas", "SvgCanvas\SvgCanvas.csproj", "{2C4696B7-89B1-4177-B43A-4E4F44165A99}"
EndProject
Project("{FAE04EC0-301F-11D3-BF4B-00C04F79EFBC}") = "Animation", "Animation\Animation.csproj", "{62FC9E8B-77BF-4E46-894F-03C6D4D5B102}"
EndProject
Project("{FAE04EC0-301F-11D3-BF4B-00C04F79EFBC}") = "WebSocket", "WebSocket\WebSocket.csproj", "{7ABE0703-E791-4474-B1A8-B0289073F708}"
EndProject
Project("{FAE04EC0-301F-11D3-BF4B-00C04F79EFBC}") = "WebWorker", "WebWorker\WebWorker.csproj", "{136AE442-0768-4DB6-8E67-F927E902D2C0}"
EndProject
Project("{FAE04EC0-301F-11D3-BF4B-00C04F79EFBC}") = "Exos", "Exos\Exos.csproj", "{3E3353C8-D75C-4C09-95D2-C93480CE3996}"
EndProject
Project("{FAE04EC0-301F-11D3-BF4B-00C04F79EFBC}") = "CacheClient", "CacheClient\CacheClient.csproj", "{DE53C4C1-DC81-43F0-8E08-2F01440B8AC8}"
EndProject
Global
	GlobalSection(SolutionConfigurationPlatforms) = preSolution
		Debug|Any CPU = Debug|Any CPU
		Release|Any CPU = Release|Any CPU
	EndGlobalSection
	GlobalSection(ProjectConfigurationPlatforms) = postSolution
		{32DAC13C-AD80-40CA-BAC7-F3FEFC3E1E27}.Debug|Any CPU.ActiveCfg = Debug|Any CPU
		{32DAC13C-AD80-40CA-BAC7-F3FEFC3E1E27}.Debug|Any CPU.Build.0 = Debug|Any CPU
		{32DAC13C-AD80-40CA-BAC7-F3FEFC3E1E27}.Release|Any CPU.ActiveCfg = Release|Any CPU
		{32DAC13C-AD80-40CA-BAC7-F3FEFC3E1E27}.Release|Any CPU.Build.0 = Release|Any CPU
		{20CDDB70-74DE-4115-82AF-3ACBD9B5E65D}.Debug|Any CPU.ActiveCfg = Debug|Any CPU
		{20CDDB70-74DE-4115-82AF-3ACBD9B5E65D}.Debug|Any CPU.Build.0 = Debug|Any CPU
		{20CDDB70-74DE-4115-82AF-3ACBD9B5E65D}.Release|Any CPU.ActiveCfg = Release|Any CPU
		{20CDDB70-74DE-4115-82AF-3ACBD9B5E65D}.Release|Any CPU.Build.0 = Release|Any CPU
		{FE4F8F4F-26DE-4431-BA4D-41A9756CF855}.Debug|Any CPU.ActiveCfg = Debug|Any CPU
		{FE4F8F4F-26DE-4431-BA4D-41A9756CF855}.Debug|Any CPU.Build.0 = Debug|Any CPU
		{FE4F8F4F-26DE-4431-BA4D-41A9756CF855}.Release|Any CPU.ActiveCfg = Release|Any CPU
		{FE4F8F4F-26DE-4431-BA4D-41A9756CF855}.Release|Any CPU.Build.0 = Release|Any CPU
		{2DCAA68B-FBE2-4AB2-AFC1-FFD201B7E3D5}.Debug|Any CPU.ActiveCfg = Debug|Any CPU
		{2DCAA68B-FBE2-4AB2-AFC1-FFD201B7E3D5}.Debug|Any CPU.Build.0 = Debug|Any CPU
		{2DCAA68B-FBE2-4AB2-AFC1-FFD201B7E3D5}.Release|Any CPU.ActiveCfg = Release|Any CPU
		{2DCAA68B-FBE2-4AB2-AFC1-FFD201B7E3D5}.Release|Any CPU.Build.0 = Release|Any CPU
		{ADAA0D01-1FD8-4EB8-9C36-CB040BC1C969}.Debug|Any CPU.ActiveCfg = Debug|Any CPU
		{ADAA0D01-1FD8-4EB8-9C36-CB040BC1C969}.Debug|Any CPU.Build.0 = Debug|Any CPU
		{ADAA0D01-1FD8-4EB8-9C36-CB040BC1C969}.Release|Any CPU.ActiveCfg = Release|Any CPU
		{ADAA0D01-1FD8-4EB8-9C36-CB040BC1C969}.Release|Any CPU.Build.0 = Release|Any CPU
		{B1EDAC16-DD92-4913-AB7E-F114CEE7F707}.Debug|Any CPU.ActiveCfg = Debug|Any CPU
		{B1EDAC16-DD92-4913-AB7E-F114CEE7F707}.Debug|Any CPU.Build.0 = Debug|Any CPU
		{B1EDAC16-DD92-4913-AB7E-F114CEE7F707}.Release|Any CPU.ActiveCfg = Release|Any CPU
		{B1EDAC16-DD92-4913-AB7E-F114CEE7F707}.Release|Any CPU.Build.0 = Release|Any CPU
		{ACF5DB53-ADB8-425F-99DB-68E1811C0929}.Debug|Any CPU.ActiveCfg = Debug|Any CPU
		{ACF5DB53-ADB8-425F-99DB-68E1811C0929}.Debug|Any CPU.Build.0 = Debug|Any CPU
		{ACF5DB53-ADB8-425F-99DB-68E1811C0929}.Release|Any CPU.ActiveCfg = Release|Any CPU
		{ACF5DB53-ADB8-425F-99DB-68E1811C0929}.Release|Any CPU.Build.0 = Release|Any CPU
		{D9E60F60-4F7F-4D3B-B09F-673BA38F30DA}.Debug|Any CPU.ActiveCfg = Debug|Any CPU
		{D9E60F60-4F7F-4D3B-B09F-673BA38F30DA}.Debug|Any CPU.Build.0 = Debug|Any CPU
		{D9E60F60-4F7F-4D3B-B09F-673BA38F30DA}.Release|Any CPU.ActiveCfg = Release|Any CPU
		{D9E60F60-4F7F-4D3B-B09F-673BA38F30DA}.Release|Any CPU.Build.0 = Release|Any CPU
		{9EED1812-84DF-4A38-9D2A-03ACBB02D06C}.Debug|Any CPU.ActiveCfg = Debug|Any CPU
		{9EED1812-84DF-4A38-9D2A-03ACBB02D06C}.Debug|Any CPU.Build.0 = Debug|Any CPU
		{9EED1812-84DF-4A38-9D2A-03ACBB02D06C}.Release|Any CPU.ActiveCfg = Release|Any CPU
		{9EED1812-84DF-4A38-9D2A-03ACBB02D06C}.Release|Any CPU.Build.0 = Release|Any CPU
		{B4C4B562-BAB3-4F2F-A76F-D8829FD3913B}.Debug|Any CPU.ActiveCfg = Debug|Any CPU
		{B4C4B562-BAB3-4F2F-A76F-D8829FD3913B}.Debug|Any CPU.Build.0 = Debug|Any CPU
		{B4C4B562-BAB3-4F2F-A76F-D8829FD3913B}.Release|Any CPU.ActiveCfg = Release|Any CPU
		{B4C4B562-BAB3-4F2F-A76F-D8829FD3913B}.Release|Any CPU.Build.0 = Release|Any CPU
		{A3BD423E-A40F-43B6-8EFB-D0CA76CA308F}.Debug|Any CPU.ActiveCfg = Debug|Any CPU
		{A3BD423E-A40F-43B6-8EFB-D0CA76CA308F}.Debug|Any CPU.Build.0 = Debug|Any CPU
		{A3BD423E-A40F-43B6-8EFB-D0CA76CA308F}.Release|Any CPU.ActiveCfg = Release|Any CPU
		{A3BD423E-A40F-43B6-8EFB-D0CA76CA308F}.Release|Any CPU.Build.0 = Release|Any CPU
		{2738A63F-6378-418C-8CB1-AC2B906EE440}.Debug|Any CPU.ActiveCfg = Debug|Any CPU
		{2738A63F-6378-418C-8CB1-AC2B906EE440}.Debug|Any CPU.Build.0 = Debug|Any CPU
		{2738A63F-6378-418C-8CB1-AC2B906EE440}.Release|Any CPU.ActiveCfg = Release|Any CPU
		{2738A63F-6378-418C-8CB1-AC2B906EE440}.Release|Any CPU.Build.0 = Release|Any CPU
		{2C4696B7-89B1-4177-B43A-4E4F44165A99}.Debug|Any CPU.ActiveCfg = Debug|Any CPU
		{2C4696B7-89B1-4177-B43A-4E4F44165A99}.Debug|Any CPU.Build.0 = Debug|Any CPU
		{2C4696B7-89B1-4177-B43A-4E4F44165A99}.Release|Any CPU.ActiveCfg = Release|Any CPU
		{2C4696B7-89B1-4177-B43A-4E4F44165A99}.Release|Any CPU.Build.0 = Release|Any CPU
		{62FC9E8B-77BF-4E46-894F-03C6D4D5B102}.Debug|Any CPU.ActiveCfg = Debug|Any CPU
		{62FC9E8B-77BF-4E46-894F-03C6D4D5B102}.Debug|Any CPU.Build.0 = Debug|Any CPU
		{62FC9E8B-77BF-4E46-894F-03C6D4D5B102}.Release|Any CPU.ActiveCfg = Release|Any CPU
		{62FC9E8B-77BF-4E46-894F-03C6D4D5B102}.Release|Any CPU.Build.0 = Release|Any CPU
		{7ABE0703-E791-4474-B1A8-B0289073F708}.Debug|Any CPU.ActiveCfg = Debug|Any CPU
		{7ABE0703-E791-4474-B1A8-B0289073F708}.Debug|Any CPU.Build.0 = Debug|Any CPU
		{7ABE0703-E791-4474-B1A8-B0289073F708}.Release|Any CPU.ActiveCfg = Release|Any CPU
		{7ABE0703-E791-4474-B1A8-B0289073F708}.Release|Any CPU.Build.0 = Release|Any CPU
		{136AE442-0768-4DB6-8E67-F927E902D2C0}.Debug|Any CPU.ActiveCfg = Debug|Any CPU
		{136AE442-0768-4DB6-8E67-F927E902D2C0}.Debug|Any CPU.Build.0 = Debug|Any CPU
		{136AE442-0768-4DB6-8E67-F927E902D2C0}.Release|Any CPU.ActiveCfg = Release|Any CPU
		{136AE442-0768-4DB6-8E67-F927E902D2C0}.Release|Any CPU.Build.0 = Release|Any CPU
		{3E3353C8-D75C-4C09-95D2-C93480CE3996}.Debug|Any CPU.ActiveCfg = Debug|Any CPU
		{3E3353C8-D75C-4C09-95D2-C93480CE3996}.Debug|Any CPU.Build.0 = Debug|Any CPU
		{3E3353C8-D75C-4C09-95D2-C93480CE3996}.Release|Any CPU.ActiveCfg = Release|Any CPU
		{3E3353C8-D75C-4C09-95D2-C93480CE3996}.Release|Any CPU.Build.0 = Release|Any CPU
		{DE53C4C1-DC81-43F0-8E08-2F01440B8AC8}.Debug|Any CPU.ActiveCfg = Debug|Any CPU
		{DE53C4C1-DC81-43F0-8E08-2F01440B8AC8}.Debug|Any CPU.Build.0 = Debug|Any CPU
		{DE53C4C1-DC81-43F0-8E08-2F01440B8AC8}.Release|Any CPU.ActiveCfg = Release|Any CPU
		{DE53C4C1-DC81-43F0-8E08-2F01440B8AC8}.Release|Any CPU.Build.0 = Release|Any CPU
	EndGlobalSection
	GlobalSection(SolutionProperties) = preSolution
		HideSolutionNode = FALSE
	EndGlobalSection
	GlobalSection(NestedProjects) = preSolution
		{20CDDB70-74DE-4115-82AF-3ACBD9B5E65D} = {C8043171-1B0B-4F89-9905-F6F166272209}
		{FE4F8F4F-26DE-4431-BA4D-41A9756CF855} = {C8043171-1B0B-4F89-9905-F6F166272209}
	EndGlobalSection
	GlobalSection(ExtensibilityGlobals) = postSolution
		SolutionGuid = {2F5B9C0F-9478-42BE-AC49-6AB33C664A48}
	EndGlobalSection
EndGlobal
