
Microsoft Visual Studio Solution File, Format Version 12.00
# Visual Studio 15
VisualStudioVersion = 15.0.27130.2003
MinimumVisualStudioVersion = 10.0.40219.1
Project("{FAE04EC0-301F-11D3-BF4B-00C04F79EFBC}") = "ExosXML", "ExosXML\ExosXML.csproj", "{FE1BDFDB-DE48-41D8-B6C9-8DA4C6E94E49}"
EndProject
Project("{FAE04EC0-301F-11D3-BF4B-00C04F79EFBC}") = "ExosXSLT", "ExosXSLT\ExosXSLT.csproj", "{AD0B2D7F-A7E5-4CA5-9A79-7005A57591CB}"
EndProject
Global
	GlobalSection(SolutionConfigurationPlatforms) = preSolution
		Debug|Any CPU = Debug|Any CPU
		Release|Any CPU = Release|Any CPU
	EndGlobalSection
	GlobalSection(ProjectConfigurationPlatforms) = postSolution
		{FE1BDFDB-DE48-41D8-B6C9-8DA4C6E94E49}.Debug|Any CPU.ActiveCfg = Debug|Any CPU
		{FE1BDFDB-DE48-41D8-B6C9-8DA4C6E94E49}.Debug|Any CPU.Build.0 = Debug|Any CPU
		{FE1BDFDB-DE48-41D8-B6C9-8DA4C6E94E49}.Release|Any CPU.ActiveCfg = Release|Any CPU
		{FE1BDFDB-DE48-41D8-B6C9-8DA4C6E94E49}.Release|Any CPU.Build.0 = Release|Any CPU
		{AD0B2D7F-A7E5-4CA5-9A79-7005A57591CB}.Debug|Any CPU.ActiveCfg = Debug|Any CPU
		{AD0B2D7F-A7E5-4CA5-9A79-7005A57591CB}.Debug|Any CPU.Build.0 = Debug|Any CPU
		{AD0B2D7F-A7E5-4CA5-9A79-7005A57591CB}.Release|Any CPU.ActiveCfg = Release|Any CPU
		{AD0B2D7F-A7E5-4CA5-9A79-7005A57591CB}.Release|Any CPU.Build.0 = Release|Any CPU
	EndGlobalSection
	GlobalSection(SolutionProperties) = preSolution
		HideSolutionNode = FALSE
	EndGlobalSection
	GlobalSection(ExtensibilityGlobals) = postSolution
		SolutionGuid = {9F18E7BC-4207-46CC-8FB0-DB19001C098C}
	EndGlobalSection
	GlobalSection(TeamFoundationVersionControl) = preSolution
		SccNumberOfProjects = 3
		SccEnterpriseProvider = {4CA58AB2-18FA-4F8D-95D4-32DDF27D184C}
		SccTeamFoundationServer = https://cseguenot.visualstudio.com/
		SccLocalPath0 = .
		SccProjectUniqueName1 = ExosXML\\ExosXML.csproj
		SccProjectName1 = ExosXML
		SccLocalPath1 = ExosXML
		SccProjectUniqueName2 = ExosXSLT\\ExosXSLT.csproj
		SccProjectName2 = ExosXSLT
		SccLocalPath2 = ExosXSLT
	EndGlobalSection
EndGlobal
