
Microsoft Visual Studio Solution File, Format Version 12.00
# Visual Studio 15
VisualStudioVersion = 15.0.27130.2003
MinimumVisualStudioVersion = 10.0.40219.1
Project("{FAE04EC0-301F-11D3-BF4B-00C04F79EFBC}") = "ProjetWebStatic", "ProjetWebStatic\ProjetWebStatic.csproj", "{716C4B1A-0407-4995-9A9A-851E085A306A}"
EndProject
Project("{FAE04EC0-301F-11D3-BF4B-00C04F79EFBC}") = "BoVoyage.WebStatic.Metier", "BoVoyage.WebStatic.Metier\BoVoyage.WebStatic.Metier.csproj", "{57FB96D6-A6AD-448C-A1F6-C93AB6714403}"
EndProject
Global
	GlobalSection(SolutionConfigurationPlatforms) = preSolution
		Debug|Any CPU = Debug|Any CPU
		Release|Any CPU = Release|Any CPU
	EndGlobalSection
	GlobalSection(ProjectConfigurationPlatforms) = postSolution
		{716C4B1A-0407-4995-9A9A-851E085A306A}.Debug|Any CPU.ActiveCfg = Debug|Any CPU
		{716C4B1A-0407-4995-9A9A-851E085A306A}.Debug|Any CPU.Build.0 = Debug|Any CPU
		{716C4B1A-0407-4995-9A9A-851E085A306A}.Release|Any CPU.ActiveCfg = Release|Any CPU
		{716C4B1A-0407-4995-9A9A-851E085A306A}.Release|Any CPU.Build.0 = Release|Any CPU
		{57FB96D6-A6AD-448C-A1F6-C93AB6714403}.Debug|Any CPU.ActiveCfg = Debug|Any CPU
		{57FB96D6-A6AD-448C-A1F6-C93AB6714403}.Debug|Any CPU.Build.0 = Debug|Any CPU
		{57FB96D6-A6AD-448C-A1F6-C93AB6714403}.Release|Any CPU.ActiveCfg = Release|Any CPU
		{57FB96D6-A6AD-448C-A1F6-C93AB6714403}.Release|Any CPU.Build.0 = Release|Any CPU
	EndGlobalSection
	GlobalSection(SolutionProperties) = preSolution
		HideSolutionNode = FALSE
	EndGlobalSection
	GlobalSection(ExtensibilityGlobals) = postSolution
		SolutionGuid = {F736E889-99D0-4DC2-B257-7C484B740CE1}
	EndGlobalSection
EndGlobal
