{
  "name": "base",
  "version": "1.0.0",
  "lockfileVersion": 1,
  "requires": true,
  "dependencies": {
    "@angular/common": {
      "version": "5.2.1",
      "resolved": "https://registry.npmjs.org/@angular/common/-/common-5.2.1.tgz",
      "integrity": "sha512-O7FA4Qpcu6GYMzlsNTHtUsAl6W0SXepP7qEMx83fC1Xje2GEtulp/99Pg6bvpFKiZYdCjJDhjbUZhIO5x0UncQ==",
      "requires": {
        "tslib": "1.9.0"
      }
    },
    "@angular/compiler": {
      "version": "5.2.1",
      "resolved": "https://registry.npmjs.org/@angular/compiler/-/compiler-5.2.1.tgz",
      "integrity": "sha512-c/HDfbDr8yDUCoVCbGHgoae3YCoWG3EuM/l7jfHflE8sbdppiFVxCRd3VkygkwfPGpUZbZaW2x/OK4Z1dQa34g==",
      "requires": {
        "tslib": "1.9.0"
      }
    },
    "@angular/core": {
      "version": "5.2.1",
      "resolved": "https://registry.npmjs.org/@angular/core/-/core-5.2.1.tgz",
      "integrity": "sha512-2kyXVl+OK/LRUisSfILkRyWiD2BGXysQkN2dwxfwYZwDciH7o8wGSlDDZw0lXIBt0Ly0stYiorIIJGVs5TffaA==",
      "requires": {
        "tslib": "1.9.0"
      }
    },
    "@angular/platform-browser": {
      "version": "5.2.1",
      "resolved": "https://registry.npmjs.org/@angular/platform-browser/-/platform-browser-5.2.1.tgz",
      "integrity": "sha512-+cE7FM6/WIMZWpxf+LxYhfTPBbxSvLNZv5+RnGcOeg4nEG3x0Ny1dr14r5HyudvKfu/A+xTlVCNY7RjZ6HsWVw==",
      "requires": {
        "tslib": "1.9.0"
      }
    },
    "@angular/platform-browser-dynamic": {
      "version": "5.2.1",
      "resolved": "https://registry.npmjs.org/@angular/platform-browser-dynamic/-/platform-browser-dynamic-5.2.1.tgz",
      "integrity": "sha512-S73suoYfGIj7eQlOBXvj3BO8mW8TUUZEUZ/nvFgB/jsb6PtYk1ByIVIWjcV5yttd4TXf7ZhaEYZPm1vBjIN0pA==",
      "requires": {
        "tslib": "1.9.0"
      }
    },
    "@types/core-js": {
      "version": "0.9.45",
      "resolved": "https://registry.npmjs.org/@types/core-js/-/core-js-0.9.45.tgz",
      "integrity": "sha512-m3sELgMnL2NQsSg0tdEqXQmCdQ1jwP6kvzFd6DJlYDmqNhoTT6LUg0ckLbR1kCpkbiK5dgjUrgcnrV8zx69ZeQ==",
      "dev": true
    },
    "reflect": {
      "version": "0.1.3",
      "resolved": "https://registry.npmjs.org/reflect/-/reflect-0.1.3.tgz",
      "integrity": "sha1-auczL+PJeleHctObhvlvlGLXFf4="
    },
    "rxjs": {
      "version": "5.5.6",
      "resolved": "https://registry.npmjs.org/rxjs/-/rxjs-5.5.6.tgz",
      "integrity": "sha512-v4Q5HDC0FHAQ7zcBX7T2IL6O5ltl1a2GX4ENjPXg6SjDY69Cmx9v4113C99a4wGF16ClPv5Z8mghuYorVkg/kg==",
      "requires": {
        "symbol-observable": "1.0.1"
      }
    },
    "symbol-observable": {
      "version": "1.0.1",
      "resolved": "https://registry.npmjs.org/symbol-observable/-/symbol-observable-1.0.1.tgz",
      "integrity": "sha1-g0D8RwLDEi310iKI+IKD9RPT/dQ="
    },
    "systemjs": {
      "version": "0.20.19",
      "resolved": "https://registry.npmjs.org/systemjs/-/systemjs-0.20.19.tgz",
      "integrity": "sha512-H/rKwNEEyej/+IhkmFNmKFyJul8tbH/muiPq5TyNoVTwsGhUjRsN3NlFnFQUvFXA3+GQmsXkCNXU6QKPl779aw=="
    },
    "tslib": {
      "version": "1.9.0",
      "resolved": "https://registry.npmjs.org/tslib/-/tslib-1.9.0.tgz",
      "integrity": "sha512-f/qGG2tUkrISBlQZEjEqoZ3B2+npJjIf04H1wuAv9iA8i04Icp+61KRXxFdha22670NJopsZCIjhC3SnjPRKrQ=="
    },
    "zone.js": {
      "version": "0.8.20",
      "resolved": "https://registry.npmjs.org/zone.js/-/zone.js-0.8.20.tgz",
      "integrity": "sha512-FXlA37ErSXCMy5RNBcGFgCI/Zivqzr0D19GuvDxhcYIJc7xkFp6c29DKyODJu0Zo+EMyur/WPPgcBh1EHjB9jA=="
    }
  }
}
